
Microsoft Visual Studio Solution File, Format Version 12.00
# Visual Studio Version 17
VisualStudioVersion = 17.12.35417.141
MinimumVisualStudioVersion = 10.0.40219.1
Project("{9A19103F-16F7-4668-BE54-9A1E7A4F7556}") = "theBFG", "src\theBFG.csproj", "{0C322427-2014-496C-82D6-DF726BA50DF5}"
EndProject
Project("{9A19103F-16F7-4668-BE54-9A1E7A4F7556}") = "theBFG.Tests", "theBFG.Tests\theBFG.Tests.csproj", "{5B2B2EB2-132B-4C4D-9C31-627A2FAD6850}"
EndProject
Project("{9A19103F-16F7-4668-BE54-9A1E7A4F7556}") = "theTestGimp", "theTestGimp\theTestGimp.csproj", "{8F0C91F2-9C82-4878-8FD4-F7406FB5E56A}"
EndProject
Project("{2150E333-8FDC-42A3-9474-1A3956D46DE8}") = "Solution Items", "Solution Items", "{12F4162D-51E2-454A-AC4B-20CD009B6331}"
	ProjectSection(SolutionItems) = preProject
		.gitignore = .gitignore
		backlog.md = backlog.md
		devguide.md = devguide.md
		PublishToNuget.ps1 = PublishToNuget.ps1
		README.md = README.md
		thebfg-example-basic.PNG = thebfg-example-basic.PNG
		thebfg.png = thebfg.png
	EndProjectSection
EndProject
Project("{FAE04EC0-301F-11D3-BF4B-00C04F79EFBC}") = "theBFG.VSCodeExt", "theBFG.VSCodeExt\theBFG.VSCodeExt.csproj", "{5E94BD9C-0502-48CC-A04E-5A55C0E490F1}"
EndProject
Project("{FAE04EC0-301F-11D3-BF4B-00C04F79EFBC}") = "theBFG.VSExtension", "theBFG.VSExtension\theBFG.VSExtension.csproj", "{086E9236-A5CF-4003-8644-8DE9A6CB8FE0}"
EndProject
Project("{E24C65DC-7377-472B-9ABA-BC803B73C61A}") = "theBfg.TestArena", "theBfg.TestArena\", "{3BF7B833-081E-4EA4-9215-2F8186E0A736}"
	ProjectSection(WebsiteProperties) = preProject
		TargetFrameworkMoniker = ".NETFramework,Version%3Dv4.0"
		Debug.AspNetCompiler.VirtualPath = "/localhost_60138"
		Debug.AspNetCompiler.PhysicalPath = "theBfg.TestArena\"
		Debug.AspNetCompiler.TargetPath = "PrecompiledWeb\localhost_60138\"
		Debug.AspNetCompiler.Updateable = "true"
		Debug.AspNetCompiler.ForceOverwrite = "true"
		Debug.AspNetCompiler.FixedNames = "false"
		Debug.AspNetCompiler.Debug = "True"
		Release.AspNetCompiler.VirtualPath = "/localhost_60138"
		Release.AspNetCompiler.PhysicalPath = "theBfg.TestArena\"
		Release.AspNetCompiler.TargetPath = "PrecompiledWeb\localhost_60138\"
		Release.AspNetCompiler.Updateable = "true"
		Release.AspNetCompiler.ForceOverwrite = "true"
		Release.AspNetCompiler.FixedNames = "false"
		Release.AspNetCompiler.Debug = "False"
		VWDPort = "60138"
		SlnRelativePath = "theBfg.TestArena\"
	EndProjectSection
EndProject
Global
	GlobalSection(SolutionConfigurationPlatforms) = preSolution
		Debug|Any CPU = Debug|Any CPU
		Release|Any CPU = Release|Any CPU
	EndGlobalSection
	GlobalSection(ProjectConfigurationPlatforms) = postSolution
		{0C322427-2014-496C-82D6-DF726BA50DF5}.Debug|Any CPU.ActiveCfg = Debug|Any CPU
		{0C322427-2014-496C-82D6-DF726BA50DF5}.Debug|Any CPU.Build.0 = Debug|Any CPU
		{0C322427-2014-496C-82D6-DF726BA50DF5}.Release|Any CPU.ActiveCfg = Release|Any CPU
		{0C322427-2014-496C-82D6-DF726BA50DF5}.Release|Any CPU.Build.0 = Release|Any CPU
		{5B2B2EB2-132B-4C4D-9C31-627A2FAD6850}.Debug|Any CPU.ActiveCfg = Debug|Any CPU
		{5B2B2EB2-132B-4C4D-9C31-627A2FAD6850}.Debug|Any CPU.Build.0 = Debug|Any CPU
		{5B2B2EB2-132B-4C4D-9C31-627A2FAD6850}.Release|Any CPU.ActiveCfg = Release|Any CPU
		{5B2B2EB2-132B-4C4D-9C31-627A2FAD6850}.Release|Any CPU.Build.0 = Release|Any CPU
		{8F0C91F2-9C82-4878-8FD4-F7406FB5E56A}.Debug|Any CPU.ActiveCfg = Debug|Any CPU
		{8F0C91F2-9C82-4878-8FD4-F7406FB5E56A}.Debug|Any CPU.Build.0 = Debug|Any CPU
		{8F0C91F2-9C82-4878-8FD4-F7406FB5E56A}.Release|Any CPU.ActiveCfg = Release|Any CPU
		{8F0C91F2-9C82-4878-8FD4-F7406FB5E56A}.Release|Any CPU.Build.0 = Release|Any CPU
		{5E94BD9C-0502-48CC-A04E-5A55C0E490F1}.Debug|Any CPU.ActiveCfg = Debug|Any CPU
		{5E94BD9C-0502-48CC-A04E-5A55C0E490F1}.Release|Any CPU.ActiveCfg = Release|Any CPU
		{086E9236-A5CF-4003-8644-8DE9A6CB8FE0}.Debug|Any CPU.ActiveCfg = Debug|Any CPU
		{086E9236-A5CF-4003-8644-8DE9A6CB8FE0}.Debug|Any CPU.Build.0 = Debug|Any CPU
		{086E9236-A5CF-4003-8644-8DE9A6CB8FE0}.Release|Any CPU.ActiveCfg = Release|Any CPU
		{086E9236-A5CF-4003-8644-8DE9A6CB8FE0}.Release|Any CPU.Build.0 = Release|Any CPU
		{3BF7B833-081E-4EA4-9215-2F8186E0A736}.Debug|Any CPU.ActiveCfg = Debug|Any CPU
		{3BF7B833-081E-4EA4-9215-2F8186E0A736}.Release|Any CPU.ActiveCfg = Debug|Any CPU
	EndGlobalSection
	GlobalSection(SolutionProperties) = preSolution
		HideSolutionNode = FALSE
	EndGlobalSection
	GlobalSection(ExtensibilityGlobals) = postSolution
		SolutionGuid = {8116C039-9D28-4043-AF8B-E01C21B19823}
	EndGlobalSection
EndGlobal
